
Microsoft Visual Studio Solution File, Format Version 12.00
# Visual Studio Version 17
VisualStudioVersion = 17.12.35323.107
MinimumVisualStudioVersion = 10.0.40219.1
Project("{8BC9CEB8-8B4A-11D0-8D11-00A0C91BC942}") = "AddressBook Project", "AddressBook Project\AddressBook Project.vcxproj", "{CC5EFD14-558D-40E0-AE87-603EEF294055}"
EndProject
Global
	GlobalSection(SolutionConfigurationPlatforms) = preSolution
		Debug|x64 = Debug|x64
		Debug|x86 = Debug|x86
		Release|x64 = Release|x64
		Release|x86 = Release|x86
	EndGlobalSection
	GlobalSection(ProjectConfigurationPlatforms) = postSolution
		{CC5EFD14-558D-40E0-AE87-603EEF294055}.Debug|x64.ActiveCfg = Debug|x64
		{CC5EFD14-558D-40E0-AE87-603EEF294055}.Debug|x64.Build.0 = Debug|x64
		{CC5EFD14-558D-40E0-AE87-603EEF294055}.Debug|x86.ActiveCfg = Debug|Win32
		{CC5EFD14-558D-40E0-AE87-603EEF294055}.Debug|x86.Build.0 = Debug|Win32
		{CC5EFD14-558D-40E0-AE87-603EEF294055}.Release|x64.ActiveCfg = Release|x64
		{CC5EFD14-558D-40E0-AE87-603EEF294055}.Release|x64.Build.0 = Release|x64
		{CC5EFD14-558D-40E0-AE87-603EEF294055}.Release|x86.ActiveCfg = Release|Win32
		{CC5EFD14-558D-40E0-AE87-603EEF294055}.Release|x86.Build.0 = Release|Win32
	EndGlobalSection
	GlobalSection(SolutionProperties) = preSolution
		HideSolutionNode = FALSE
	EndGlobalSection
	GlobalSection(ExtensibilityGlobals) = postSolution
		SolutionGuid = {A75F667C-5FD5-43AD-8073-A292794573A0}
	EndGlobalSection
EndGlobal
